
Microsoft Visual Studio Solution File, Format Version 12.00
# Visual Studio Version 17
VisualStudioVersion = 17.10.35027.167
MinimumVisualStudioVersion = 10.0.40219.1
Project("{FAE04EC0-301F-11D3-BF4B-00C04F79EFBC}") = "gtasa-dl-gui", "gtasa-dl-gui.csproj", "{19586928-2F62-4EAA-BD73-5140927C0719}"
EndProject
Global
	GlobalSection(SolutionConfigurationPlatforms) = preSolution
		Debug|Any CPU = Debug|Any CPU
		Release|Any CPU = Release|Any CPU
	EndGlobalSection
	GlobalSection(ProjectConfigurationPlatforms) = postSolution
		{19586928-2F62-4EAA-BD73-5140927C0719}.Debug|Any CPU.ActiveCfg = Debug|Any CPU
		{19586928-2F62-4EAA-BD73-5140927C0719}.Debug|Any CPU.Build.0 = Debug|Any CPU
		{19586928-2F62-4EAA-BD73-5140927C0719}.Release|Any CPU.ActiveCfg = Release|Any CPU
		{19586928-2F62-4EAA-BD73-5140927C0719}.Release|Any CPU.Build.0 = Release|Any CPU
	EndGlobalSection
	GlobalSection(SolutionProperties) = preSolution
		HideSolutionNode = FALSE
	EndGlobalSection
	GlobalSection(ExtensibilityGlobals) = postSolution
		SolutionGuid = {AEFA1011-CE9C-4271-8521-52461F304903}
	EndGlobalSection
EndGlobal
